
Microsoft Visual Studio Solution File, Format Version 12.00
# Visual Studio Version 17
VisualStudioVersion = 17.8.34219.65
MinimumVisualStudioVersion = 10.0.40219.1
Project("{FAE04EC0-301F-11D3-BF4B-00C04F79EFBC}") = "MAUI_KP.Client", "MAUI_KP.Client\MAUI_KP.Client.csproj", "{C0B85D39-C1C2-4EA3-9241-4144E971AEA1}"
EndProject
Project("{FAE04EC0-301F-11D3-BF4B-00C04F79EFBC}") = "MAUI_KP.Migrator", "MAUI_KP.Migrator\MAUI_KP.Migrator.csproj", "{30318053-5015-4212-8F77-0A5627C4B557}"
EndProject
Project("{FAE04EC0-301F-11D3-BF4B-00C04F79EFBC}") = "MAUI_KP.Shared", "MAUI_KP.Shared\MAUI_KP.Shared.csproj", "{5C8BA697-A987-44CD-8D33-C2BB09EF04CF}"
EndProject
Global
	GlobalSection(SolutionConfigurationPlatforms) = preSolution
		Debug|Any CPU = Debug|Any CPU
		Release|Any CPU = Release|Any CPU
	EndGlobalSection
	GlobalSection(ProjectConfigurationPlatforms) = postSolution
		{C0B85D39-C1C2-4EA3-9241-4144E971AEA1}.Debug|Any CPU.ActiveCfg = Debug|Any CPU
		{C0B85D39-C1C2-4EA3-9241-4144E971AEA1}.Debug|Any CPU.Build.0 = Debug|Any CPU
		{C0B85D39-C1C2-4EA3-9241-4144E971AEA1}.Debug|Any CPU.Deploy.0 = Debug|Any CPU
		{C0B85D39-C1C2-4EA3-9241-4144E971AEA1}.Release|Any CPU.ActiveCfg = Release|Any CPU
		{C0B85D39-C1C2-4EA3-9241-4144E971AEA1}.Release|Any CPU.Build.0 = Release|Any CPU
		{C0B85D39-C1C2-4EA3-9241-4144E971AEA1}.Release|Any CPU.Deploy.0 = Release|Any CPU
		{30318053-5015-4212-8F77-0A5627C4B557}.Debug|Any CPU.ActiveCfg = Debug|Any CPU
		{30318053-5015-4212-8F77-0A5627C4B557}.Debug|Any CPU.Build.0 = Debug|Any CPU
		{30318053-5015-4212-8F77-0A5627C4B557}.Release|Any CPU.ActiveCfg = Release|Any CPU
		{30318053-5015-4212-8F77-0A5627C4B557}.Release|Any CPU.Build.0 = Release|Any CPU
		{5C8BA697-A987-44CD-8D33-C2BB09EF04CF}.Debug|Any CPU.ActiveCfg = Debug|Any CPU
		{5C8BA697-A987-44CD-8D33-C2BB09EF04CF}.Debug|Any CPU.Build.0 = Debug|Any CPU
		{5C8BA697-A987-44CD-8D33-C2BB09EF04CF}.Release|Any CPU.ActiveCfg = Release|Any CPU
		{5C8BA697-A987-44CD-8D33-C2BB09EF04CF}.Release|Any CPU.Build.0 = Release|Any CPU
	EndGlobalSection
	GlobalSection(SolutionProperties) = preSolution
		HideSolutionNode = FALSE
	EndGlobalSection
	GlobalSection(ExtensibilityGlobals) = postSolution
		SolutionGuid = {4F86FB1E-24B3-4B95-BF0D-E027FE171B2C}
	EndGlobalSection
EndGlobal
